// !$*UTF8*$!
{
	archiveVersion = 1;
	classes = {
	};
	objectVersion = 50;
	objects = {

/* Begin PBXBuildFile section */
		B14F0E8823D18450009AC3C9 /* AppDelegate.swift in Sources */ = {isa = PBXBuildFile; fileRef = B14F0E8723D18450009AC3C9 /* AppDelegate.swift */; };
		B14F0E8A23D18450009AC3C9 /* ViewController.swift in Sources */ = {isa = PBXBuildFile; fileRef = B14F0E8923D18450009AC3C9 /* ViewController.swift */; };
		B14F0E8D23D18450009AC3C9 /* Main.storyboard in Resources */ = {isa = PBXBuildFile; fileRef = B14F0E8B23D18450009AC3C9 /* Main.storyboard */; };
		B14F0E8F23D18453009AC3C9 /* Assets.xcassets in Resources */ = {isa = PBXBuildFile; fileRef = B14F0E8E23D18453009AC3C9 /* Assets.xcassets */; };
		B14F0E9223D18453009AC3C9 /* LaunchScreen.storyboard in Resources */ = {isa = PBXBuildFile; fileRef = B14F0E9023D18453009AC3C9 /* LaunchScreen.storyboard */; };
/* End PBXBuildFile section */

/* Begin PBXFileReference section */
		B14F0E8423D18450009AC3C9 /* Piano-tiles.app */ = {isa = PBXFileReference; explicitFileType = wrapper.application; includeInIndex = 0; path = "Piano-tiles.app"; sourceTree = BUILT_PRODUCTS_DIR; };
		B14F0E8723D18450009AC3C9 /* AppDelegate.swift */ = {isa = PBXFileReference; lastKnownFileType = sourcecode.swift; path = AppDelegate.swift; sourceTree = "<group>"; };
		B14F0E8923D18450009AC3C9 /* ViewController.swift */ = {isa = PBXFileReference; lastKnownFileType = sourcecode.swift; path = ViewController.swift; sourceTree = "<group>"; };
		B14F0E8C23D18450009AC3C9 /* Base */ = {isa = PBXFileReference; lastKnownFileType = file.storyboard; name = Base; path = Base.lproj/Main.storyboard; sourceTree = "<group>"; };
		B14F0E8E23D18453009AC3C9 /* Assets.xcassets */ = {isa = PBXFileReference; lastKnownFileType = folder.assetcatalog; path = Assets.xcassets; sourceTree = "<group>"; };
		B14F0E9123D18453009AC3C9 /* Base */ = {isa = PBXFileReference; lastKnownFileType = file.storyboard; name = Base; path = Base.lproj/LaunchScreen.storyboard; sourceTree = "<group>"; };
		B14F0E9323D18453009AC3C9 /* Info.plist */ = {isa = PBXFileReference; lastKnownFileType = text.plist.xml; path = Info.plist; sourceTree = "<group>"; };
/* End PBXFileReference section */

/* Begin PBXFrameworksBuildPhase section */
		B14F0E8123D1844F009AC3C9 /* Frameworks */ = {
			isa = PBXFrameworksBuildPhase;
			buildActionMask = 2147483647;
			files = (
			);
			runOnlyForDeploymentPostprocessing = 0;
		};
/* End PBXFrameworksBuildPhase section */

/* Begin PBXGroup section */
		B14F0E7B23D1844F009AC3C9 = {
			isa = PBXGroup;
			children = (
				B14F0E8623D18450009AC3C9 /* Piano-tiles */,
				B14F0E8523D18450009AC3C9 /* Products */,
			);
			sourceTree = "<group>";
		};
		B14F0E8523D18450009AC3C9 /* Products */ = {
			isa = PBXGroup;
			children = (
				B14F0E8423D18450009AC3C9 /* Piano-tiles.app */,
			);
			name = Products;
			sourceTree = "<group>";
		};
		B14F0E8623D18450009AC3C9 /* Piano-tiles */ = {
			isa = PBXGroup;
			children = (
				B14F0E8723D18450009AC3C9 /* AppDelegate.swift */,
				B14F0E8923D18450009AC3C9 /* ViewController.swift */,
				B14F0E8B23D18450009AC3C9 /* Main.storyboard */,
				B14F0E8E23D18453009AC3C9 /* Assets.xcassets */,
				B14F0E9023D18453009AC3C9 /* LaunchScreen.storyboard */,
				B14F0E9323D18453009AC3C9 /* Info.plist */,
			);
			path = "Piano-tiles";
			sourceTree = "<group>";
		};
/* End PBXGroup section */

/* Begin PBXNativeTarget section */
		B14F0E8323D1844F009AC3C9 /* Piano-tiles */ = {
			isa = PBXNativeTarget;
			buildConfigurationList = B14F0E9623D18454009AC3C9 /* Build configuration list for PBXNativeTarget "Piano-tiles" */;
			buildPhases = (
				B14F0E8023D1844F009AC3C9 /* Sources */,
				B14F0E8123D1844F009AC3C9 /* Frameworks */,
				B14F0E8223D1844F009AC3C9 /* Resources */,
			);
			buildRules = (
			);
			dependencies = (
			);
			name = "Piano-tiles";
			productName = "Piano-tiles";
			productReference = B14F0E8423D18450009AC3C9 /* Piano-tiles.app */;
			productType = "com.apple.product-type.application";
		};
/* End PBXNativeTarget section */

/* Begin PBXProject section */
		B14F0E7C23D1844F009AC3C9 /* Project object */ = {
			isa = PBXProject;
			attributes = {
				LastSwiftUpdateCheck = 1030;
				LastUpgradeCheck = 1030;
				ORGANIZATIONNAME = "Asif Rabbi";
				TargetAttributes = {
					B14F0E8323D1844F009AC3C9 = {
						CreatedOnToolsVersion = 10.3;
					};
				};
			};
			buildConfigurationList = B14F0E7F23D1844F009AC3C9 /* Build configuration list for PBXProject "Piano-tiles" */;
			compatibilityVersion = "Xcode 9.3";
			developmentRegion = en;
			hasScannedForEncodings = 0;
			knownRegions = (
				en,
				Base,
			);
			mainGroup = B14F0E7B23D1844F009AC3C9;
			productRefGroup = B14F0E8523D18450009AC3C9 /* Products */;
			projectDirPath = "";
			projectRoot = "";
			targets = (
				B14F0E8323D1844F009AC3C9 /* Piano-tiles */,
			);
		};
/* End PBXProject section */

/* Begin PBXResourcesBuildPhase section */
		B14F0E8223D1844F009AC3C9 /* Resources */ = {
			isa = PBXResourcesBuildPhase;
			buildActionMask = 2147483647;
			files = (
				B14F0E9223D18453009AC3C9 /* LaunchScreen.storyboard in Resources */,
				B14F0E8F23D18453009AC3C9 /* Assets.xcassets in Resources */,
				B14F0E8D23D18450009AC3C9 /* Main.storyboard in Resources */,
			);
			runOnlyForDeploymentPostprocessing = 0;
		};
/* End PBXResourcesBuildPhase section */

/* Begin PBXSourcesBuildPhase section */
		B14F0E8023D1844F009AC3C9 /* Sources */ = {
			isa = PBXSourcesBuildPhase;
			buildActionMask = 2147483647;
			files = (
				B14F0E8A23D18450009AC3C9 /* ViewController.swift in Sources */,
				B14F0E8823D18450009AC3C9 /* AppDelegate.swift in Sources */,
			);
			runOnlyForDeploymentPostprocessing = 0;
		};
/* End PBXSourcesBuildPhase section */

/* Begin PBXVariantGroup section */
		B14F0E8B23D18450009AC3C9 /* Main.storyboard */ = {
			isa = PBXVariantGroup;
			children = (
				B14F0E8C23D18450009AC3C9 /* Base */,
			);
			name = Main.storyboard;
			sourceTree = "<group>";
		};
		B14F0E9023D18453009AC3C9 /* LaunchScreen.storyboard */ = {
			isa = PBXVariantGroup;
			children = (
				B14F0E9123D18453009AC3C9 /* Base */,
			);
			name = LaunchScreen.storyboard;
			sourceTree = "<group>";
		};
/* End PBXVariantGroup section */

/* Begin XCBuildConfiguration section */
		B14F0E9423D18453009AC3C9 /* Debug */ = {
			isa = XCBuildConfiguration;
			buildSettings = {
				ALWAYS_SEARCH_USER_PATHS = NO;
				CLANG_ANALYZER_NONNULL = YES;
				CLANG_ANALYZER_NUMBER_OBJECT_CONVERSION = YES_AGGRESSIVE;
				CLANG_CXX_LANGUAGE_STANDARD = "gnu++14";
				CLANG_CXX_LIBRARY = "libc++";
				CLANG_ENABLE_MODULES = YES;
				CLANG_ENABLE_OBJC_ARC = YES;
				CLANG_ENABLE_OBJC_WEAK = YES;
				CLANG_WARN_BLOCK_CAPTURE_AUTORELEASING = YES;
				CLANG_WARN_BOOL_CONVERSION = YES;
				CLANG_WARN_COMMA = YES;
				CLANG_WARN_CONSTANT_CONVERSION = YES;
				CLANG_WARN_DEPRECATED_OBJC_IMPLEMENTATIONS = YES;
				CLANG_WARN_DIRECT_OBJC_ISA_USAGE = YES_ERROR;
				CLANG_WARN_DOCUMENTATION_COMMENTS = YES;
				CLANG_WARN_EMPTY_BODY = YES;
				CLANG_WARN_ENUM_CONVERSION = YES;
				CLANG_WARN_INFINITE_RECURSION = YES;
				CLANG_WARN_INT_CONVERSION = YES;
				CLANG_WARN_NON_LITERAL_NULL_CONVERSION = YES;
				CLANG_WARN_OBJC_IMPLICIT_RETAIN_SELF = YES;
				CLANG_WARN_OBJC_LITERAL_CONVERSION = YES;
				CLANG_WARN_OBJC_ROOT_CLASS = YES_ERROR;
				CLANG_WARN_RANGE_LOOP_ANALYSIS = YES;
				CLANG_WARN_STRICT_PROTOTYPES = YES;
				CLANG_WARN_SUSPICIOUS_MOVE = YES;
				CLANG_WARN_UNGUARDED_AVAILABILITY = YES_AGGRESSIVE;
				CLANG_WARN_UNREACHABLE_CODE = YES;
				CLANG_WARN__DUPLICATE_METHOD_MATCH = YES;
				CODE_SIGN_IDENTITY = "iPhone Developer";
				COPY_PHASE_STRIP = NO;
				DEBUG_INFORMATION_FORMAT = dwarf;
				ENABLE_STRICT_OBJC_MSGSEND = YES;
				ENABLE_TESTABILITY = YES;
				GCC_C_LANGUAGE_STANDARD = gnu11;
				GCC_DYNAMIC_NO_PIC = NO;
				GCC_NO_COMMON_BLOCKS = YES;
				GCC_OPTIMIZATION_LEVEL = 0;
				GCC_PREPROCESSOR_DEFINITIONS = (
					"DEBUG=1",
					"$(inherited)",
				);
				GCC_WARN_64_TO_32_BIT_CONVERSION = YES;
				GCC_WARN_ABOUT_RETURN_TYPE = YES_ERROR;
				GCC_WARN_UNDECLARED_SELECTOR = YES;
				GCC_WARN_UNINITIALIZED_AUTOS = YES_AGGRESSIVE;
				GCC_WARN_UNUSED_FUNCTION = YES;
				GCC_WARN_UNUSED_VARIABLE = YES;
				IPHONEOS_DEPLOYMENT_TARGET = 12.4;
				MTL_ENABLE_DEBUG_INFO = INCLUDE_SOURCE;
				MTL_FAST_MATH = YES;
				ONLY_ACTIVE_ARCH = YES;
				SDKROOT = iphoneos;
				SWIFT_ACTIVE_COMPILATION_CONDITIONS = DEBUG;
				SWIFT_OPTIMIZATION_LEVEL = "-Onone";
			};
			name = Debug;
		};
		B14F0E9523D18453009AC3C9 /* Release */ = {
			isa = XCBuildConfiguration;
			buildSettings = {
				ALWAYS_SEARCH_USER_PATHS = NO;
				CLANG_ANALYZER_NONNULL = YES;
				CLANG_ANALYZER_NUMBER_OBJECT_CONVERSION = YES_AGGRESSIVE;
				CLANG_CXX_LANGUAGE_STANDARD = "gnu++14";
				CLANG_CXX_LIBRARY = "libc++";
				CLANG_ENABLE_MODULES = YES;
				CLANG_ENABLE_OBJC_ARC = YES;
				CLANG_ENABLE_OBJC_WEAK = YES;
				CLANG_WARN_BLOCK_CAPTURE_AUTORELEASING = YES;
				CLANG_WARN_BOOL_CONVERSION = YES;
				CLANG_WARN_COMMA = YES;
				CLANG_WARN_CONSTANT_CONVERSION = YES;
				CLANG_WARN_DEPRECATED_OBJC_IMPLEMENTATIONS = YES;
				CLANG_WARN_DIRECT_OBJC_ISA_USAGE = YES_ERROR;
				CLANG_WARN_DOCUMENTATION_COMMENTS = YES;
				CLANG_WARN_EMPTY_BODY = YES;
				CLANG_WARN_ENUM_CONVERSION = YES;
				CLANG_WARN_INFINITE_RECURSION = YES;
				CLANG_WARN_INT_CONVERSION = YES;
				CLANG_WARN_NON_LITERAL_NULL_CONVERSION = YES;
				CLANG_WARN_OBJC_IMPLICIT_RETAIN_SELF = YES;
				CLANG_WARN_OBJC_LITERAL_CONVERSION = YES;
				CLANG_WARN_OBJC_ROOT_CLASS = YES_ERROR;
				CLANG_WARN_RANGE_LOOP_ANALYSIS = YES;
				CLANG_WARN_STRICT_PROTOTYPES = YES;
				CLANG_WARN_SUSPICIOUS_MOVE = YES;
				CLANG_WARN_UNGUARDED_AVAILABILITY = YES_AGGRESSIVE;
				CLANG_WARN_UNREACHABLE_CODE = YES;
				CLANG_WARN__DUPLICATE_METHOD_MATCH = YES;
				CODE_SIGN_IDENTITY = "iPhone Developer";
				COPY_PHASE_STRIP = NO;
				DEBUG_INFORMATION_FORMAT = "dwarf-with-dsym";
				ENABLE_NS_ASSERTIONS = NO;
				ENABLE_STRICT_OBJC_MSGSEND = YES;
				GCC_C_LANGUAGE_STANDARD = gnu11;
				GCC_NO_COMMON_BLOCKS = YES;
				GCC_WARN_64_TO_32_BIT_CONVERSION = YES;
				GCC_WARN_ABOUT_RETURN_TYPE = YES_ERROR;
				GCC_WARN_UNDECLARED_SELECTOR = YES;
				GCC_WARN_UNINITIALIZED_AUTOS = YES_AGGRESSIVE;
				GCC_WARN_UNUSED_FUNCTION = YES;
				GCC_WARN_UNUSED_VARIABLE = YES;
				IPHONEOS_DEPLOYMENT_TARGET = 12.4;
				MTL_ENABLE_DEBUG_INFO = NO;
				MTL_FAST_MATH = YES;
				SDKROOT = iphoneos;
				SWIFT_COMPILATION_MODE = wholemodule;
				SWIFT_OPTIMIZATION_LEVEL = "-O";
				VALIDATE_PRODUCT = YES;
			};
			name = Release;
		};
		B14F0E9723D18454009AC3C9 /* Debug */ = {
			isa = XCBuildConfiguration;
			buildSettings = {
				ASSETCATALOG_COMPILER_APPICON_NAME = AppIcon;
				CODE_SIGN_STYLE = Automatic;
				DEVELOPMENT_TEAM = N47NT3K6N8;
				INFOPLIST_FILE = "Piano-tiles/Info.plist";
				LD_RUNPATH_SEARCH_PATHS = (
					"$(inherited)",
					"@executable_path/Frameworks",
				);
				PRODUCT_BUNDLE_IDENTIFIER = "com.asif.mimi3-gmail.Piano-tiles";
				PRODUCT_NAME = "$(TARGET_NAME)";
				SWIFT_VERSION = 5.0;
				TARGETED_DEVICE_FAMILY = "1,2";
			};
			name = Debug;
		};
		B14F0E9823D18454009AC3C9 /* Release */ = {
			isa = XCBuildConfiguration;
			buildSettings = {
				ASSETCATALOG_COMPILER_APPICON_NAME = AppIcon;
				CODE_SIGN_STYLE = Automatic;
				DEVELOPMENT_TEAM = N47NT3K6N8;
				INFOPLIST_FILE = "Piano-tiles/Info.plist";
				LD_RUNPATH_SEARCH_PATHS = (
					"$(inherited)",
					"@executable_path/Frameworks",
				);
				PRODUCT_BUNDLE_IDENTIFIER = "com.asif.mimi3-gmail.Piano-tiles";
				PRODUCT_NAME = "$(TARGET_NAME)";
				SWIFT_VERSION = 5.0;
				TARGETED_DEVICE_FAMILY = "1,2";
			};
			name = Release;
		};
/* End XCBuildConfiguration section */

/* Begin XCConfigurationList section */
		B14F0E7F23D1844F009AC3C9 /* Build configuration list for PBXProject "Piano-tiles" */ = {
			isa = XCConfigurationList;
			buildConfigurations = (
				B14F0E9423D18453009AC3C9 /* Debug */,
				B14F0E9523D18453009AC3C9 /* Release */,
			);
			defaultConfigurationIsVisible = 0;
			defaultConfigurationName = Release;
		};
		B14F0E9623D18454009AC3C9 /* Build configuration list for PBXNativeTarget "Piano-tiles" */ = {
			isa = XCConfigurationList;
			buildConfigurations = (
				B14F0E9723D18454009AC3C9 /* Debug */,
				B14F0E9823D18454009AC3C9 /* Release */,
			);
			defaultConfigurationIsVisible = 0;
			defaultConfigurationName = Release;
		};
/* End XCConfigurationList section */
	};
	rootObject = B14F0E7C23D1844F009AC3C9 /* Project object */;
}
